
Microsoft Visual Studio Solution File, Format Version 12.00
# Visual Studio 2013
VisualStudioVersion = 12.0.21005.1
MinimumVisualStudioVersion = 10.0.40219.1
Project("{FAE04EC0-301F-11D3-BF4B-00C04F79EFBC}") = "Samsok", "Samsok\Samsok.csproj", "{53CB972C-590D-4325-9A1D-080C8F8CF850}"
EndProject
Project("{FAE04EC0-301F-11D3-BF4B-00C04F79EFBC}") = "SamsokEngine", "SamsokEngine\SamsokEngine.csproj", "{B1D898B2-70D7-457F-8799-47D5E9B84E6A}"
EndProject
Global
	GlobalSection(SolutionConfigurationPlatforms) = preSolution
		Debug|Any CPU = Debug|Any CPU
		Release|Any CPU = Release|Any CPU
	EndGlobalSection
	GlobalSection(ProjectConfigurationPlatforms) = postSolution
		{53CB972C-590D-4325-9A1D-080C8F8CF850}.Debug|Any CPU.ActiveCfg = Debug|Any CPU
		{53CB972C-590D-4325-9A1D-080C8F8CF850}.Debug|Any CPU.Build.0 = Debug|Any CPU
		{53CB972C-590D-4325-9A1D-080C8F8CF850}.Release|Any CPU.ActiveCfg = Release|Any CPU
		{53CB972C-590D-4325-9A1D-080C8F8CF850}.Release|Any CPU.Build.0 = Release|Any CPU
		{B1D898B2-70D7-457F-8799-47D5E9B84E6A}.Debug|Any CPU.ActiveCfg = Debug|Any CPU
		{B1D898B2-70D7-457F-8799-47D5E9B84E6A}.Debug|Any CPU.Build.0 = Debug|Any CPU
		{B1D898B2-70D7-457F-8799-47D5E9B84E6A}.Release|Any CPU.ActiveCfg = Release|Any CPU
		{B1D898B2-70D7-457F-8799-47D5E9B84E6A}.Release|Any CPU.Build.0 = Release|Any CPU
	EndGlobalSection
	GlobalSection(SolutionProperties) = preSolution
		HideSolutionNode = FALSE
	EndGlobalSection
EndGlobal
